// !$*UTF8*$!
{
	archiveVersion = 1;
	classes = {
	};
	objectVersion = 46;
	objects = {

/* Begin PBXBuildFile section */
		A78311891DD2E19800125775 /* AppDelegate.swift in Sources */ = {isa = PBXBuildFile; fileRef = A78311881DD2E19800125775 /* AppDelegate.swift */; };
		A783118B1DD2E19800125775 /* ViewController.swift in Sources */ = {isa = PBXBuildFile; fileRef = A783118A1DD2E19800125775 /* ViewController.swift */; };
		A783118E1DD2E19800125775 /* Main.storyboard in Resources */ = {isa = PBXBuildFile; fileRef = A783118C1DD2E19800125775 /* Main.storyboard */; };
		A78311901DD2E19800125775 /* Assets.xcassets in Resources */ = {isa = PBXBuildFile; fileRef = A783118F1DD2E19800125775 /* Assets.xcassets */; };
		A78311931DD2E19800125775 /* LaunchScreen.storyboard in Resources */ = {isa = PBXBuildFile; fileRef = A78311911DD2E19800125775 /* LaunchScreen.storyboard */; };
/* End PBXBuildFile section */

/* Begin PBXFileReference section */
		A78311851DD2E19800125775 /* NewsDigestApp.app */ = {isa = PBXFileReference; explicitFileType = wrapper.application; includeInIndex = 0; path = NewsDigestApp.app; sourceTree = BUILT_PRODUCTS_DIR; };
		A78311881DD2E19800125775 /* AppDelegate.swift */ = {isa = PBXFileReference; lastKnownFileType = sourcecode.swift; path = AppDelegate.swift; sourceTree = "<group>"; };
		A783118A1DD2E19800125775 /* ViewController.swift */ = {isa = PBXFileReference; lastKnownFileType = sourcecode.swift; path = ViewController.swift; sourceTree = "<group>"; };
		A783118D1DD2E19800125775 /* Base */ = {isa = PBXFileReference; lastKnownFileType = file.storyboard; name = Base; path = Base.lproj/Main.storyboard; sourceTree = "<group>"; };
		A783118F1DD2E19800125775 /* Assets.xcassets */ = {isa = PBXFileReference; lastKnownFileType = folder.assetcatalog; path = Assets.xcassets; sourceTree = "<group>"; };
		A78311921DD2E19800125775 /* Base */ = {isa = PBXFileReference; lastKnownFileType = file.storyboard; name = Base; path = Base.lproj/LaunchScreen.storyboard; sourceTree = "<group>"; };
		A78311941DD2E19800125775 /* Info.plist */ = {isa = PBXFileReference; lastKnownFileType = text.plist.xml; path = Info.plist; sourceTree = "<group>"; };
/* End PBXFileReference section */

/* Begin PBXFrameworksBuildPhase section */
		A78311821DD2E19800125775 /* Frameworks */ = {
			isa = PBXFrameworksBuildPhase;
			buildActionMask = 2147483647;
			files = (
			);
			runOnlyForDeploymentPostprocessing = 0;
		};
/* End PBXFrameworksBuildPhase section */

/* Begin PBXGroup section */
		A783117C1DD2E19800125775 = {
			isa = PBXGroup;
			children = (
				A78311871DD2E19800125775 /* NewsDigestApp */,
				A78311861DD2E19800125775 /* Products */,
			);
			sourceTree = "<group>";
		};
		A78311861DD2E19800125775 /* Products */ = {
			isa = PBXGroup;
			children = (
				A78311851DD2E19800125775 /* NewsDigestApp.app */,
			);
			name = Products;
			sourceTree = "<group>";
		};
		A78311871DD2E19800125775 /* NewsDigestApp */ = {
			isa = PBXGroup;
			children = (
				A78311881DD2E19800125775 /* AppDelegate.swift */,
				A783118A1DD2E19800125775 /* ViewController.swift */,
				A783118C1DD2E19800125775 /* Main.storyboard */,
				A783118F1DD2E19800125775 /* Assets.xcassets */,
				A78311911DD2E19800125775 /* LaunchScreen.storyboard */,
				A78311941DD2E19800125775 /* Info.plist */,
			);
			path = NewsDigestApp;
			sourceTree = "<group>";
		};
/* End PBXGroup section */

/* Begin PBXNativeTarget section */
		A78311841DD2E19800125775 /* NewsDigestApp */ = {
			isa = PBXNativeTarget;
			buildConfigurationList = A78311971DD2E19800125775 /* Build configuration list for PBXNativeTarget "NewsDigestApp" */;
			buildPhases = (
				A78311811DD2E19800125775 /* Sources */,
				A78311821DD2E19800125775 /* Frameworks */,
				A78311831DD2E19800125775 /* Resources */,
			);
			buildRules = (
			);
			dependencies = (
			);
			name = NewsDigestApp;
			productName = NewsDigestApp;
			productReference = A78311851DD2E19800125775 /* NewsDigestApp.app */;
			productType = "com.apple.product-type.application";
		};
/* End PBXNativeTarget section */

/* Begin PBXProject section */
		A783117D1DD2E19800125775 /* Project object */ = {
			isa = PBXProject;
			attributes = {
				LastSwiftUpdateCheck = 0800;
				LastUpgradeCheck = 0800;
				ORGANIZATIONNAME = "tri\U0010ngapps";
				TargetAttributes = {
					A78311841DD2E19800125775 = {
						CreatedOnToolsVersion = 8.0;
						ProvisioningStyle = Automatic;
					};
				};
			};
			buildConfigurationList = A78311801DD2E19800125775 /* Build configuration list for PBXProject "NewsDigestApp" */;
			compatibilityVersion = "Xcode 3.2";
			developmentRegion = English;
			hasScannedForEncodings = 0;
			knownRegions = (
				en,
				Base,
			);
			mainGroup = A783117C1DD2E19800125775;
			productRefGroup = A78311861DD2E19800125775 /* Products */;
			projectDirPath = "";
			projectRoot = "";
			targets = (
				A78311841DD2E19800125775 /* NewsDigestApp */,
			);
		};
/* End PBXProject section */

/* Begin PBXResourcesBuildPhase section */
		A78311831DD2E19800125775 /* Resources */ = {
			isa = PBXResourcesBuildPhase;
			buildActionMask = 2147483647;
			files = (
				A78311931DD2E19800125775 /* LaunchScreen.storyboard in Resources */,
				A78311901DD2E19800125775 /* Assets.xcassets in Resources */,
				A783118E1DD2E19800125775 /* Main.storyboard in Resources */,
			);
			runOnlyForDeploymentPostprocessing = 0;
		};
/* End PBXResourcesBuildPhase section */

/* Begin PBXSourcesBuildPhase section */
		A78311811DD2E19800125775 /* Sources */ = {
			isa = PBXSourcesBuildPhase;
			buildActionMask = 2147483647;
			files = (
				A783118B1DD2E19800125775 /* ViewController.swift in Sources */,
				A78311891DD2E19800125775 /* AppDelegate.swift in Sources */,
			);
			runOnlyForDeploymentPostprocessing = 0;
		};
/* End PBXSourcesBuildPhase section */

/* Begin PBXVariantGroup section */
		A783118C1DD2E19800125775 /* Main.storyboard */ = {
			isa = PBXVariantGroup;
			children = (
				A783118D1DD2E19800125775 /* Base */,
			);
			name = Main.storyboard;
			sourceTree = "<group>";
		};
		A78311911DD2E19800125775 /* LaunchScreen.storyboard */ = {
			isa = PBXVariantGroup;
			children = (
				A78311921DD2E19800125775 /* Base */,
			);
			name = LaunchScreen.storyboard;
			sourceTree = "<group>";
		};
/* End PBXVariantGroup section */

/* Begin XCBuildConfiguration section */
		A78311951DD2E19800125775 /* Debug */ = {
			isa = XCBuildConfiguration;
			buildSettings = {
				ALWAYS_SEARCH_USER_PATHS = NO;
				CLANG_ANALYZER_NONNULL = YES;
				CLANG_CXX_LANGUAGE_STANDARD = "gnu++0x";
				CLANG_CXX_LIBRARY = "libc++";
				CLANG_ENABLE_MODULES = YES;
				CLANG_ENABLE_OBJC_ARC = YES;
				CLANG_WARN_BOOL_CONVERSION = YES;
				CLANG_WARN_CONSTANT_CONVERSION = YES;
				CLANG_WARN_DIRECT_OBJC_ISA_USAGE = YES_ERROR;
				CLANG_WARN_DOCUMENTATION_COMMENTS = YES;
				CLANG_WARN_EMPTY_BODY = YES;
				CLANG_WARN_ENUM_CONVERSION = YES;
				CLANG_WARN_INFINITE_RECURSION = YES;
				CLANG_WARN_INT_CONVERSION = YES;
				CLANG_WARN_OBJC_ROOT_CLASS = YES_ERROR;
				CLANG_WARN_SUSPICIOUS_MOVES = YES;
				CLANG_WARN_UNREACHABLE_CODE = YES;
				CLANG_WARN__DUPLICATE_METHOD_MATCH = YES;
				"CODE_SIGN_IDENTITY[sdk=iphoneos*]" = "iPhone Developer";
				COPY_PHASE_STRIP = NO;
				DEBUG_INFORMATION_FORMAT = dwarf;
				ENABLE_STRICT_OBJC_MSGSEND = YES;
				ENABLE_TESTABILITY = YES;
				GCC_C_LANGUAGE_STANDARD = gnu99;
				GCC_DYNAMIC_NO_PIC = NO;
				GCC_NO_COMMON_BLOCKS = YES;
				GCC_OPTIMIZATION_LEVEL = 0;
				GCC_PREPROCESSOR_DEFINITIONS = (
					"DEBUG=1",
					"$(inherited)",
				);
				GCC_WARN_64_TO_32_BIT_CONVERSION = YES;
				GCC_WARN_ABOUT_RETURN_TYPE = YES_ERROR;
				GCC_WARN_UNDECLARED_SELECTOR = YES;
				GCC_WARN_UNINITIALIZED_AUTOS = YES_AGGRESSIVE;
				GCC_WARN_UNUSED_FUNCTION = YES;
				GCC_WARN_UNUSED_VARIABLE = YES;
				IPHONEOS_DEPLOYMENT_TARGET = 10.0;
				MTL_ENABLE_DEBUG_INFO = YES;
				ONLY_ACTIVE_ARCH = YES;
				SDKROOT = iphoneos;
				SWIFT_ACTIVE_COMPILATION_CONDITIONS = DEBUG;
				SWIFT_OPTIMIZATION_LEVEL = "-Onone";
				TARGETED_DEVICE_FAMILY = 2;
			};
			name = Debug;
		};
		A78311961DD2E19800125775 /* Release */ = {
			isa = XCBuildConfiguration;
			buildSettings = {
				ALWAYS_SEARCH_USER_PATHS = NO;
				CLANG_ANALYZER_NONNULL = YES;
				CLANG_CXX_LANGUAGE_STANDARD = "gnu++0x";
				CLANG_CXX_LIBRARY = "libc++";
				CLANG_ENABLE_MODULES = YES;
				CLANG_ENABLE_OBJC_ARC = YES;
				CLANG_WARN_BOOL_CONVERSION = YES;
				CLANG_WARN_CONSTANT_CONVERSION = YES;
				CLANG_WARN_DIRECT_OBJC_ISA_USAGE = YES_ERROR;
				CLANG_WARN_DOCUMENTATION_COMMENTS = YES;
				CLANG_WARN_EMPTY_BODY = YES;
				CLANG_WARN_ENUM_CONVERSION = YES;
				CLANG_WARN_INFINITE_RECURSION = YES;
				CLANG_WARN_INT_CONVERSION = YES;
				CLANG_WARN_OBJC_ROOT_CLASS = YES_ERROR;
				CLANG_WARN_SUSPICIOUS_MOVES = YES;
				CLANG_WARN_UNREACHABLE_CODE = YES;
				CLANG_WARN__DUPLICATE_METHOD_MATCH = YES;
				"CODE_SIGN_IDENTITY[sdk=iphoneos*]" = "iPhone Developer";
				COPY_PHASE_STRIP = NO;
				DEBUG_INFORMATION_FORMAT = "dwarf-with-dsym";
				ENABLE_NS_ASSERTIONS = NO;
				ENABLE_STRICT_OBJC_MSGSEND = YES;
				GCC_C_LANGUAGE_STANDARD = gnu99;
				GCC_NO_COMMON_BLOCKS = YES;
				GCC_WARN_64_TO_32_BIT_CONVERSION = YES;
				GCC_WARN_ABOUT_RETURN_TYPE = YES_ERROR;
				GCC_WARN_UNDECLARED_SELECTOR = YES;
				GCC_WARN_UNINITIALIZED_AUTOS = YES_AGGRESSIVE;
				GCC_WARN_UNUSED_FUNCTION = YES;
				GCC_WARN_UNUSED_VARIABLE = YES;
				IPHONEOS_DEPLOYMENT_TARGET = 10.0;
				MTL_ENABLE_DEBUG_INFO = NO;
				SDKROOT = iphoneos;
				SWIFT_OPTIMIZATION_LEVEL = "-Owholemodule";
				TARGETED_DEVICE_FAMILY = 2;
				VALIDATE_PRODUCT = YES;
			};
			name = Release;
		};
		A78311981DD2E19800125775 /* Debug */ = {
			isa = XCBuildConfiguration;
			buildSettings = {
				ASSETCATALOG_COMPILER_APPICON_NAME = AppIcon;
				INFOPLIST_FILE = NewsDigestApp/Info.plist;
				LD_RUNPATH_SEARCH_PATHS = "$(inherited) @executable_path/Frameworks";
				PRODUCT_BUNDLE_IDENTIFIER = com.tringapps.NewsDigestApp;
				PRODUCT_NAME = "$(TARGET_NAME)";
				SWIFT_VERSION = 3.0;
			};
			name = Debug;
		};
		A78311991DD2E19800125775 /* Release */ = {
			isa = XCBuildConfiguration;
			buildSettings = {
				ASSETCATALOG_COMPILER_APPICON_NAME = AppIcon;
				INFOPLIST_FILE = NewsDigestApp/Info.plist;
				LD_RUNPATH_SEARCH_PATHS = "$(inherited) @executable_path/Frameworks";
				PRODUCT_BUNDLE_IDENTIFIER = com.tringapps.NewsDigestApp;
				PRODUCT_NAME = "$(TARGET_NAME)";
				SWIFT_VERSION = 3.0;
			};
			name = Release;
		};
/* End XCBuildConfiguration section */

/* Begin XCConfigurationList section */
		A78311801DD2E19800125775 /* Build configuration list for PBXProject "NewsDigestApp" */ = {
			isa = XCConfigurationList;
			buildConfigurations = (
				A78311951DD2E19800125775 /* Debug */,
				A78311961DD2E19800125775 /* Release */,
			);
			defaultConfigurationIsVisible = 0;
			defaultConfigurationName = Release;
		};
		A78311971DD2E19800125775 /* Build configuration list for PBXNativeTarget "NewsDigestApp" */ = {
			isa = XCConfigurationList;
			buildConfigurations = (
				A78311981DD2E19800125775 /* Debug */,
				A78311991DD2E19800125775 /* Release */,
			);
			defaultConfigurationIsVisible = 0;
		};
/* End XCConfigurationList section */
	};
	rootObject = A783117D1DD2E19800125775 /* Project object */;
}
